// !$*UTF8*$!
{
	archiveVersion = 1;
	classes = {
	};
	objectVersion = 46;
	objects = {

/* Begin PBXBuildFile section */
		3BDE4ED8CE703623AF38005E /* Pods_AnthonyWhitakerShowcaseUITests.framework in Frameworks */ = {isa = PBXBuildFile; fileRef = 29D30130D3924A38128197C0 /* Pods_AnthonyWhitakerShowcaseUITests.framework */; };
		8236E096B7FD60E4C3C41528 /* Pods_AnthonyWhitakerShowcase.framework in Frameworks */ = {isa = PBXBuildFile; fileRef = E15AB360C7D925FE5EC4C694 /* Pods_AnthonyWhitakerShowcase.framework */; };
		921E3CA31DED24B2009036AA /* Post.swift in Sources */ = {isa = PBXBuildFile; fileRef = 921E3CA21DED24B2009036AA /* Post.swift */; };
		926D4C501DE6248C006AE761 /* AppDelegate.swift in Sources */ = {isa = PBXBuildFile; fileRef = 926D4C4F1DE6248C006AE761 /* AppDelegate.swift */; };
		926D4C521DE6248C006AE761 /* LogInViewController.swift in Sources */ = {isa = PBXBuildFile; fileRef = 926D4C511DE6248C006AE761 /* LogInViewController.swift */; };
		926D4C551DE6248C006AE761 /* Main.storyboard in Resources */ = {isa = PBXBuildFile; fileRef = 926D4C531DE6248C006AE761 /* Main.storyboard */; };
		926D4C581DE6248C006AE761 /* AnthonyWhitakerShowcase.xcdatamodeld in Sources */ = {isa = PBXBuildFile; fileRef = 926D4C561DE6248C006AE761 /* AnthonyWhitakerShowcase.xcdatamodeld */; };
		926D4C5A1DE6248C006AE761 /* Assets.xcassets in Resources */ = {isa = PBXBuildFile; fileRef = 926D4C591DE6248C006AE761 /* Assets.xcassets */; };
		926D4C5D1DE6248C006AE761 /* LaunchScreen.storyboard in Resources */ = {isa = PBXBuildFile; fileRef = 926D4C5B1DE6248C006AE761 /* LaunchScreen.storyboard */; };
		926D4C681DE6248D006AE761 /* AnthonyWhitakerShowcaseTests.swift in Sources */ = {isa = PBXBuildFile; fileRef = 926D4C671DE6248D006AE761 /* AnthonyWhitakerShowcaseTests.swift */; };
		926D4C731DE6248D006AE761 /* AnthonyWhitakerShowcaseUITests.swift in Sources */ = {isa = PBXBuildFile; fileRef = 926D4C721DE6248D006AE761 /* AnthonyWhitakerShowcaseUITests.swift */; };
		926D4C881DE625D1006AE761 /* NotoSans-Bold.ttf in Resources */ = {isa = PBXBuildFile; fileRef = 926D4C841DE625D1006AE761 /* NotoSans-Bold.ttf */; };
		926D4C891DE625D1006AE761 /* NotoSans-BoldItalic.ttf in Resources */ = {isa = PBXBuildFile; fileRef = 926D4C851DE625D1006AE761 /* NotoSans-BoldItalic.ttf */; };
		926D4C8A1DE625D1006AE761 /* NotoSans-Italic.ttf in Resources */ = {isa = PBXBuildFile; fileRef = 926D4C861DE625D1006AE761 /* NotoSans-Italic.ttf */; };
		926D4C8B1DE625D1006AE761 /* NotoSans-Regular.ttf in Resources */ = {isa = PBXBuildFile; fileRef = 926D4C871DE625D1006AE761 /* NotoSans-Regular.ttf */; };
		926D4C921DE636B7006AE761 /* MaterialView.swift in Sources */ = {isa = PBXBuildFile; fileRef = 926D4C911DE636B7006AE761 /* MaterialView.swift */; };
		926D4C951DE63751006AE761 /* Constants.swift in Sources */ = {isa = PBXBuildFile; fileRef = 926D4C941DE63751006AE761 /* Constants.swift */; };
		926D4C971DE642E5006AE761 /* MaterialButton.swift in Sources */ = {isa = PBXBuildFile; fileRef = 926D4C961DE642E5006AE761 /* MaterialButton.swift */; };
		926D4C991DE648A3006AE761 /* MaterialTextField.swift in Sources */ = {isa = PBXBuildFile; fileRef = 926D4C981DE648A3006AE761 /* MaterialTextField.swift */; };
		926D4C9B1DE65734006AE761 /* GoogleService-Info.plist in Resources */ = {isa = PBXBuildFile; fileRef = 926D4C9A1DE65734006AE761 /* GoogleService-Info.plist */; };
		926D4C9C1DE65734006AE761 /* GoogleService-Info.plist in Resources */ = {isa = PBXBuildFile; fileRef = 926D4C9A1DE65734006AE761 /* GoogleService-Info.plist */; };
		926D4C9D1DE65734006AE761 /* GoogleService-Info.plist in Resources */ = {isa = PBXBuildFile; fileRef = 926D4C9A1DE65734006AE761 /* GoogleService-Info.plist */; };
		929EE1C61DEE2DC300EDF2C3 /* User.swift in Sources */ = {isa = PBXBuildFile; fileRef = 929EE1C51DEE2DC300EDF2C3 /* User.swift */; };
		929EE1CA1DEE3F0000EDF2C3 /* FavoriteButton.swift in Sources */ = {isa = PBXBuildFile; fileRef = 929EE1C91DEE3F0000EDF2C3 /* FavoriteButton.swift */; };
		92D1B3E11DEC742E00116DB4 /* DataService.swift in Sources */ = {isa = PBXBuildFile; fileRef = 92D1B3E01DEC742E00116DB4 /* DataService.swift */; };
		92D856B61DE77E01009F35B1 /* FeedViewController.swift in Sources */ = {isa = PBXBuildFile; fileRef = 92D856B51DE77E01009F35B1 /* FeedViewController.swift */; };
		92D856B81DE780BB009F35B1 /* PostTableViewCell.swift in Sources */ = {isa = PBXBuildFile; fileRef = 92D856B71DE780BB009F35B1 /* PostTableViewCell.swift */; };
		B303022913533EEDBBC256C2 /* Pods_AnthonyWhitakerShowcaseTests.framework in Frameworks */ = {isa = PBXBuildFile; fileRef = B9431D025B415A39C6A06E48 /* Pods_AnthonyWhitakerShowcaseTests.framework */; };
/* End PBXBuildFile section */

/* Begin PBXContainerItemProxy section */
		926D4C641DE6248D006AE761 /* PBXContainerItemProxy */ = {
			isa = PBXContainerItemProxy;
			containerPortal = 926D4C441DE6248C006AE761 /* Project object */;
			proxyType = 1;
			remoteGlobalIDString = 926D4C4B1DE6248C006AE761;
			remoteInfo = AnthonyWhitakerShowcase;
		};
		926D4C6F1DE6248D006AE761 /* PBXContainerItemProxy */ = {
			isa = PBXContainerItemProxy;
			containerPortal = 926D4C441DE6248C006AE761 /* Project object */;
			proxyType = 1;
			remoteGlobalIDString = 926D4C4B1DE6248C006AE761;
			remoteInfo = AnthonyWhitakerShowcase;
		};
/* End PBXContainerItemProxy section */

/* Begin PBXFileReference section */
		1AD850B846B13B42083FDD13 /* Pods-AnthonyWhitakerShowcaseUITests.debug.xcconfig */ = {isa = PBXFileReference; includeInIndex = 1; lastKnownFileType = text.xcconfig; name = "Pods-AnthonyWhitakerShowcaseUITests.debug.xcconfig"; path = "Pods/Target Support Files/Pods-AnthonyWhitakerShowcaseUITests/Pods-AnthonyWhitakerShowcaseUITests.debug.xcconfig"; sourceTree = "<group>"; };
		29D30130D3924A38128197C0 /* Pods_AnthonyWhitakerShowcaseUITests.framework */ = {isa = PBXFileReference; explicitFileType = wrapper.framework; includeInIndex = 0; path = Pods_AnthonyWhitakerShowcaseUITests.framework; sourceTree = BUILT_PRODUCTS_DIR; };
		352970A11B3D69D907BADC17 /* Pods-AnthonyWhitakerShowcaseTests.release.xcconfig */ = {isa = PBXFileReference; includeInIndex = 1; lastKnownFileType = text.xcconfig; name = "Pods-AnthonyWhitakerShowcaseTests.release.xcconfig"; path = "Pods/Target Support Files/Pods-AnthonyWhitakerShowcaseTests/Pods-AnthonyWhitakerShowcaseTests.release.xcconfig"; sourceTree = "<group>"; };
		795D34A9CDE3814BAA0FD4F1 /* Pods-AnthonyWhitakerShowcaseUITests.release.xcconfig */ = {isa = PBXFileReference; includeInIndex = 1; lastKnownFileType = text.xcconfig; name = "Pods-AnthonyWhitakerShowcaseUITests.release.xcconfig"; path = "Pods/Target Support Files/Pods-AnthonyWhitakerShowcaseUITests/Pods-AnthonyWhitakerShowcaseUITests.release.xcconfig"; sourceTree = "<group>"; };
		921E3CA21DED24B2009036AA /* Post.swift */ = {isa = PBXFileReference; fileEncoding = 4; lastKnownFileType = sourcecode.swift; path = Post.swift; sourceTree = "<group>"; };
		926D4C4C1DE6248C006AE761 /* AnthonyWhitakerShowcase.app */ = {isa = PBXFileReference; explicitFileType = wrapper.application; includeInIndex = 0; path = AnthonyWhitakerShowcase.app; sourceTree = BUILT_PRODUCTS_DIR; };
		926D4C4F1DE6248C006AE761 /* AppDelegate.swift */ = {isa = PBXFileReference; lastKnownFileType = sourcecode.swift; path = AppDelegate.swift; sourceTree = "<group>"; };
		926D4C511DE6248C006AE761 /* LogInViewController.swift */ = {isa = PBXFileReference; lastKnownFileType = sourcecode.swift; path = LogInViewController.swift; sourceTree = "<group>"; };
		926D4C541DE6248C006AE761 /* Base */ = {isa = PBXFileReference; lastKnownFileType = file.storyboard; name = Base; path = Base.lproj/Main.storyboard; sourceTree = "<group>"; };
		926D4C571DE6248C006AE761 /* AnthonyWhitakerShowcase.xcdatamodel */ = {isa = PBXFileReference; lastKnownFileType = wrapper.xcdatamodel; path = AnthonyWhitakerShowcase.xcdatamodel; sourceTree = "<group>"; };
		926D4C591DE6248C006AE761 /* Assets.xcassets */ = {isa = PBXFileReference; lastKnownFileType = folder.assetcatalog; path = Assets.xcassets; sourceTree = "<group>"; };
		926D4C5C1DE6248C006AE761 /* Base */ = {isa = PBXFileReference; lastKnownFileType = file.storyboard; name = Base; path = Base.lproj/LaunchScreen.storyboard; sourceTree = "<group>"; };
		926D4C5E1DE6248C006AE761 /* Info.plist */ = {isa = PBXFileReference; lastKnownFileType = text.plist.xml; path = Info.plist; sourceTree = "<group>"; };
		926D4C631DE6248D006AE761 /* AnthonyWhitakerShowcaseTests.xctest */ = {isa = PBXFileReference; explicitFileType = wrapper.cfbundle; includeInIndex = 0; path = AnthonyWhitakerShowcaseTests.xctest; sourceTree = BUILT_PRODUCTS_DIR; };
		926D4C671DE6248D006AE761 /* AnthonyWhitakerShowcaseTests.swift */ = {isa = PBXFileReference; lastKnownFileType = sourcecode.swift; path = AnthonyWhitakerShowcaseTests.swift; sourceTree = "<group>"; };
		926D4C691DE6248D006AE761 /* Info.plist */ = {isa = PBXFileReference; lastKnownFileType = text.plist.xml; path = Info.plist; sourceTree = "<group>"; };
		926D4C6E1DE6248D006AE761 /* AnthonyWhitakerShowcaseUITests.xctest */ = {isa = PBXFileReference; explicitFileType = wrapper.cfbundle; includeInIndex = 0; path = AnthonyWhitakerShowcaseUITests.xctest; sourceTree = BUILT_PRODUCTS_DIR; };
		926D4C721DE6248D006AE761 /* AnthonyWhitakerShowcaseUITests.swift */ = {isa = PBXFileReference; lastKnownFileType = sourcecode.swift; path = AnthonyWhitakerShowcaseUITests.swift; sourceTree = "<group>"; };
		926D4C741DE6248D006AE761 /* Info.plist */ = {isa = PBXFileReference; lastKnownFileType = text.plist.xml; path = Info.plist; sourceTree = "<group>"; };
		926D4C841DE625D1006AE761 /* NotoSans-Bold.ttf */ = {isa = PBXFileReference; lastKnownFileType = file; path = "NotoSans-Bold.ttf"; sourceTree = "<group>"; };
		926D4C851DE625D1006AE761 /* NotoSans-BoldItalic.ttf */ = {isa = PBXFileReference; lastKnownFileType = file; path = "NotoSans-BoldItalic.ttf"; sourceTree = "<group>"; };
		926D4C861DE625D1006AE761 /* NotoSans-Italic.ttf */ = {isa = PBXFileReference; lastKnownFileType = file; path = "NotoSans-Italic.ttf"; sourceTree = "<group>"; };
		926D4C871DE625D1006AE761 /* NotoSans-Regular.ttf */ = {isa = PBXFileReference; lastKnownFileType = file; path = "NotoSans-Regular.ttf"; sourceTree = "<group>"; };
		926D4C911DE636B7006AE761 /* MaterialView.swift */ = {isa = PBXFileReference; fileEncoding = 4; lastKnownFileType = sourcecode.swift; path = MaterialView.swift; sourceTree = "<group>"; };
		926D4C941DE63751006AE761 /* Constants.swift */ = {isa = PBXFileReference; fileEncoding = 4; lastKnownFileType = sourcecode.swift; path = Constants.swift; sourceTree = "<group>"; };
		926D4C961DE642E5006AE761 /* MaterialButton.swift */ = {isa = PBXFileReference; fileEncoding = 4; lastKnownFileType = sourcecode.swift; path = MaterialButton.swift; sourceTree = "<group>"; };
		926D4C981DE648A3006AE761 /* MaterialTextField.swift */ = {isa = PBXFileReference; fileEncoding = 4; lastKnownFileType = sourcecode.swift; path = MaterialTextField.swift; sourceTree = "<group>"; };
		926D4C9A1DE65734006AE761 /* GoogleService-Info.plist */ = {isa = PBXFileReference; fileEncoding = 4; lastKnownFileType = text.plist.xml; path = "GoogleService-Info.plist"; sourceTree = "<group>"; };
		929EE1C51DEE2DC300EDF2C3 /* User.swift */ = {isa = PBXFileReference; fileEncoding = 4; lastKnownFileType = sourcecode.swift; path = User.swift; sourceTree = "<group>"; };
		929EE1C91DEE3F0000EDF2C3 /* FavoriteButton.swift */ = {isa = PBXFileReference; fileEncoding = 4; lastKnownFileType = sourcecode.swift; path = FavoriteButton.swift; sourceTree = "<group>"; };
		92D1B3E01DEC742E00116DB4 /* DataService.swift */ = {isa = PBXFileReference; fileEncoding = 4; lastKnownFileType = sourcecode.swift; path = DataService.swift; sourceTree = "<group>"; };
		92D856B51DE77E01009F35B1 /* FeedViewController.swift */ = {isa = PBXFileReference; fileEncoding = 4; lastKnownFileType = sourcecode.swift; path = FeedViewController.swift; sourceTree = "<group>"; };
		92D856B71DE780BB009F35B1 /* PostTableViewCell.swift */ = {isa = PBXFileReference; fileEncoding = 4; lastKnownFileType = sourcecode.swift; path = PostTableViewCell.swift; sourceTree = "<group>"; };
		92D856B91DEA7804009F35B1 /* AnthonyWhitakerShowcase-Bridging-Header.h */ = {isa = PBXFileReference; lastKnownFileType = sourcecode.c.h; path = "AnthonyWhitakerShowcase-Bridging-Header.h"; sourceTree = "<group>"; };
		971A0707FE1FB65CFBF3B525 /* Pods-AnthonyWhitakerShowcase.debug.xcconfig */ = {isa = PBXFileReference; includeInIndex = 1; lastKnownFileType = text.xcconfig; name = "Pods-AnthonyWhitakerShowcase.debug.xcconfig"; path = "Pods/Target Support Files/Pods-AnthonyWhitakerShowcase/Pods-AnthonyWhitakerShowcase.debug.xcconfig"; sourceTree = "<group>"; };
		B9300DFEFCA73AB0A193AE61 /* Pods-AnthonyWhitakerShowcase.release.xcconfig */ = {isa = PBXFileReference; includeInIndex = 1; lastKnownFileType = text.xcconfig; name = "Pods-AnthonyWhitakerShowcase.release.xcconfig"; path = "Pods/Target Support Files/Pods-AnthonyWhitakerShowcase/Pods-AnthonyWhitakerShowcase.release.xcconfig"; sourceTree = "<group>"; };
		B9431D025B415A39C6A06E48 /* Pods_AnthonyWhitakerShowcaseTests.framework */ = {isa = PBXFileReference; explicitFileType = wrapper.framework; includeInIndex = 0; path = Pods_AnthonyWhitakerShowcaseTests.framework; sourceTree = BUILT_PRODUCTS_DIR; };
		E15AB360C7D925FE5EC4C694 /* Pods_AnthonyWhitakerShowcase.framework */ = {isa = PBXFileReference; explicitFileType = wrapper.framework; includeInIndex = 0; path = Pods_AnthonyWhitakerShowcase.framework; sourceTree = BUILT_PRODUCTS_DIR; };
		F0C2D5E22B506371E932DD91 /* Pods-AnthonyWhitakerShowcaseTests.debug.xcconfig */ = {isa = PBXFileReference; includeInIndex = 1; lastKnownFileType = text.xcconfig; name = "Pods-AnthonyWhitakerShowcaseTests.debug.xcconfig"; path = "Pods/Target Support Files/Pods-AnthonyWhitakerShowcaseTests/Pods-AnthonyWhitakerShowcaseTests.debug.xcconfig"; sourceTree = "<group>"; };
/* End PBXFileReference section */

/* Begin PBXFrameworksBuildPhase section */
		926D4C491DE6248C006AE761 /* Frameworks */ = {
			isa = PBXFrameworksBuildPhase;
			buildActionMask = 2147483647;
			files = (
				8236E096B7FD60E4C3C41528 /* Pods_AnthonyWhitakerShowcase.framework in Frameworks */,
			);
			runOnlyForDeploymentPostprocessing = 0;
		};
		926D4C601DE6248D006AE761 /* Frameworks */ = {
			isa = PBXFrameworksBuildPhase;
			buildActionMask = 2147483647;
			files = (
				B303022913533EEDBBC256C2 /* Pods_AnthonyWhitakerShowcaseTests.framework in Frameworks */,
			);
			runOnlyForDeploymentPostprocessing = 0;
		};
		926D4C6B1DE6248D006AE761 /* Frameworks */ = {
			isa = PBXFrameworksBuildPhase;
			buildActionMask = 2147483647;
			files = (
				3BDE4ED8CE703623AF38005E /* Pods_AnthonyWhitakerShowcaseUITests.framework in Frameworks */,
			);
			runOnlyForDeploymentPostprocessing = 0;
		};
/* End PBXFrameworksBuildPhase section */

/* Begin PBXGroup section */
		926D4C431DE6248C006AE761 = {
			isa = PBXGroup;
			children = (
				926D4C4E1DE6248C006AE761 /* AnthonyWhitakerShowcase */,
				926D4C661DE6248D006AE761 /* AnthonyWhitakerShowcaseTests */,
				926D4C711DE6248D006AE761 /* AnthonyWhitakerShowcaseUITests */,
				926D4C4D1DE6248C006AE761 /* Products */,
				926D4C8C1DE62786006AE761 /* Frameworks */,
				E84639E3981907758CB03330 /* Pods */,
			);
			sourceTree = "<group>";
		};
		926D4C4D1DE6248C006AE761 /* Products */ = {
			isa = PBXGroup;
			children = (
				926D4C4C1DE6248C006AE761 /* AnthonyWhitakerShowcase.app */,
				926D4C631DE6248D006AE761 /* AnthonyWhitakerShowcaseTests.xctest */,
				926D4C6E1DE6248D006AE761 /* AnthonyWhitakerShowcaseUITests.xctest */,
			);
			name = Products;
			sourceTree = "<group>";
		};
		926D4C4E1DE6248C006AE761 /* AnthonyWhitakerShowcase */ = {
			isa = PBXGroup;
			children = (
				92D1B3DF1DEC742000116DB4 /* Services */,
				926D4C821DE6258F006AE761 /* Controller */,
				926D4C801DE62585006AE761 /* Model */,
				926D4C831DE62595006AE761 /* Resources */,
				926D4C931DE63743006AE761 /* Util */,
				926D4C811DE6258A006AE761 /* View */,
				926D4C4F1DE6248C006AE761 /* AppDelegate.swift */,
				926D4C591DE6248C006AE761 /* Assets.xcassets */,
				926D4C9A1DE65734006AE761 /* GoogleService-Info.plist */,
				926D4C5E1DE6248C006AE761 /* Info.plist */,
				926D4C561DE6248C006AE761 /* AnthonyWhitakerShowcase.xcdatamodeld */,
			);
			path = AnthonyWhitakerShowcase;
			sourceTree = "<group>";
		};
		926D4C661DE6248D006AE761 /* AnthonyWhitakerShowcaseTests */ = {
			isa = PBXGroup;
			children = (
				926D4C671DE6248D006AE761 /* AnthonyWhitakerShowcaseTests.swift */,
				926D4C691DE6248D006AE761 /* Info.plist */,
			);
			path = AnthonyWhitakerShowcaseTests;
			sourceTree = "<group>";
		};
		926D4C711DE6248D006AE761 /* AnthonyWhitakerShowcaseUITests */ = {
			isa = PBXGroup;
			children = (
				926D4C721DE6248D006AE761 /* AnthonyWhitakerShowcaseUITests.swift */,
				926D4C741DE6248D006AE761 /* Info.plist */,
			);
			path = AnthonyWhitakerShowcaseUITests;
			sourceTree = "<group>";
		};
		926D4C801DE62585006AE761 /* Model */ = {
			isa = PBXGroup;
			children = (
				921E3CA21DED24B2009036AA /* Post.swift */,
				929EE1C51DEE2DC300EDF2C3 /* User.swift */,
			);
			name = Model;
			sourceTree = "<group>";
		};
		926D4C811DE6258A006AE761 /* View */ = {
			isa = PBXGroup;
			children = (
				929EE1C91DEE3F0000EDF2C3 /* FavoriteButton.swift */,
				926D4C5B1DE6248C006AE761 /* LaunchScreen.storyboard */,
				926D4C531DE6248C006AE761 /* Main.storyboard */,
				926D4C911DE636B7006AE761 /* MaterialView.swift */,
				926D4C961DE642E5006AE761 /* MaterialButton.swift */,
				926D4C981DE648A3006AE761 /* MaterialTextField.swift */,
				92D856B71DE780BB009F35B1 /* PostTableViewCell.swift */,
			);
			name = View;
			sourceTree = "<group>";
		};
		926D4C821DE6258F006AE761 /* Controller */ = {
			isa = PBXGroup;
			children = (
				926D4C511DE6248C006AE761 /* LogInViewController.swift */,
				92D856B51DE77E01009F35B1 /* FeedViewController.swift */,
			);
			name = Controller;
			sourceTree = "<group>";
		};
		926D4C831DE62595006AE761 /* Resources */ = {
			isa = PBXGroup;
			children = (
				926D4C841DE625D1006AE761 /* NotoSans-Bold.ttf */,
				926D4C851DE625D1006AE761 /* NotoSans-BoldItalic.ttf */,
				926D4C861DE625D1006AE761 /* NotoSans-Italic.ttf */,
				926D4C871DE625D1006AE761 /* NotoSans-Regular.ttf */,
			);
			name = Resources;
			sourceTree = "<group>";
		};
		926D4C8C1DE62786006AE761 /* Frameworks */ = {
			isa = PBXGroup;
			children = (
				E15AB360C7D925FE5EC4C694 /* Pods_AnthonyWhitakerShowcase.framework */,
				B9431D025B415A39C6A06E48 /* Pods_AnthonyWhitakerShowcaseTests.framework */,
				29D30130D3924A38128197C0 /* Pods_AnthonyWhitakerShowcaseUITests.framework */,
			);
			name = Frameworks;
			sourceTree = "<group>";
		};
		926D4C931DE63743006AE761 /* Util */ = {
			isa = PBXGroup;
			children = (
				92D856B91DEA7804009F35B1 /* AnthonyWhitakerShowcase-Bridging-Header.h */,
				926D4C941DE63751006AE761 /* Constants.swift */,
			);
			name = Util;
			sourceTree = "<group>";
		};
		92D1B3DF1DEC742000116DB4 /* Services */ = {
			isa = PBXGroup;
			children = (
				92D1B3E01DEC742E00116DB4 /* DataService.swift */,
			);
			name = Services;
			sourceTree = "<group>";
		};
		E84639E3981907758CB03330 /* Pods */ = {
			isa = PBXGroup;
			children = (
				971A0707FE1FB65CFBF3B525 /* Pods-AnthonyWhitakerShowcase.debug.xcconfig */,
				B9300DFEFCA73AB0A193AE61 /* Pods-AnthonyWhitakerShowcase.release.xcconfig */,
				F0C2D5E22B506371E932DD91 /* Pods-AnthonyWhitakerShowcaseTests.debug.xcconfig */,
				352970A11B3D69D907BADC17 /* Pods-AnthonyWhitakerShowcaseTests.release.xcconfig */,
				1AD850B846B13B42083FDD13 /* Pods-AnthonyWhitakerShowcaseUITests.debug.xcconfig */,
				795D34A9CDE3814BAA0FD4F1 /* Pods-AnthonyWhitakerShowcaseUITests.release.xcconfig */,
			);
			name = Pods;
			sourceTree = "<group>";
		};
/* End PBXGroup section */

/* Begin PBXNativeTarget section */
		926D4C4B1DE6248C006AE761 /* AnthonyWhitakerShowcase */ = {
			isa = PBXNativeTarget;
			buildConfigurationList = 926D4C771DE6248D006AE761 /* Build configuration list for PBXNativeTarget "AnthonyWhitakerShowcase" */;
			buildPhases = (
				F148E437AEE6B1765B0F9ACA /* [CP] Check Pods Manifest.lock */,
				926D4C481DE6248C006AE761 /* Sources */,
				926D4C491DE6248C006AE761 /* Frameworks */,
				926D4C4A1DE6248C006AE761 /* Resources */,
				D7482B8E281D76F701BF61B7 /* [CP] Embed Pods Frameworks */,
				3B694F443C3DCB930D2B5621 /* [CP] Copy Pods Resources */,
			);
			buildRules = (
			);
			dependencies = (
			);
			name = AnthonyWhitakerShowcase;
			productName = AnthonyWhitakerShowcase;
			productReference = 926D4C4C1DE6248C006AE761 /* AnthonyWhitakerShowcase.app */;
			productType = "com.apple.product-type.application";
		};
		926D4C621DE6248D006AE761 /* AnthonyWhitakerShowcaseTests */ = {
			isa = PBXNativeTarget;
			buildConfigurationList = 926D4C7A1DE6248D006AE761 /* Build configuration list for PBXNativeTarget "AnthonyWhitakerShowcaseTests" */;
			buildPhases = (
				44CAA9D6500EA8B20A3E232D /* [CP] Check Pods Manifest.lock */,
				926D4C5F1DE6248D006AE761 /* Sources */,
				926D4C601DE6248D006AE761 /* Frameworks */,
				926D4C611DE6248D006AE761 /* Resources */,
				5A7A65253FADC3DC625AF7A7 /* [CP] Embed Pods Frameworks */,
				03C81027BB00EFFED07F69DF /* [CP] Copy Pods Resources */,
			);
			buildRules = (
			);
			dependencies = (
				926D4C651DE6248D006AE761 /* PBXTargetDependency */,
			);
			name = AnthonyWhitakerShowcaseTests;
			productName = AnthonyWhitakerShowcaseTests;
			productReference = 926D4C631DE6248D006AE761 /* AnthonyWhitakerShowcaseTests.xctest */;
			productType = "com.apple.product-type.bundle.unit-test";
		};
		926D4C6D1DE6248D006AE761 /* AnthonyWhitakerShowcaseUITests */ = {
			isa = PBXNativeTarget;
			buildConfigurationList = 926D4C7D1DE6248D006AE761 /* Build configuration list for PBXNativeTarget "AnthonyWhitakerShowcaseUITests" */;
			buildPhases = (
				9789A56E2106772215494F98 /* [CP] Check Pods Manifest.lock */,
				926D4C6A1DE6248D006AE761 /* Sources */,
				926D4C6B1DE6248D006AE761 /* Frameworks */,
				926D4C6C1DE6248D006AE761 /* Resources */,
				5ADA27857D65545EE10EEAD7 /* [CP] Copy Pods Resources */,
				209E5A17E396D952138FC838 /* [CP] Embed Pods Frameworks */,
			);
			buildRules = (
			);
			dependencies = (
				926D4C701DE6248D006AE761 /* PBXTargetDependency */,
			);
			name = AnthonyWhitakerShowcaseUITests;
			productName = AnthonyWhitakerShowcaseUITests;
			productReference = 926D4C6E1DE6248D006AE761 /* AnthonyWhitakerShowcaseUITests.xctest */;
			productType = "com.apple.product-type.bundle.ui-testing";
		};
/* End PBXNativeTarget section */

/* Begin PBXProject section */
		926D4C441DE6248C006AE761 /* Project object */ = {
			isa = PBXProject;
			attributes = {
				LastSwiftUpdateCheck = 0810;
				LastUpgradeCheck = 0810;
				ORGANIZATIONNAME = "Anthony Whitaker";
				TargetAttributes = {
					926D4C4B1DE6248C006AE761 = {
						CreatedOnToolsVersion = 8.1;
						DevelopmentTeam = VL7RZNELL8;
						LastSwiftMigration = 0810;
						ProvisioningStyle = Automatic;
					};
					926D4C621DE6248D006AE761 = {
						CreatedOnToolsVersion = 8.1;
						DevelopmentTeam = VL7RZNELL8;
						ProvisioningStyle = Automatic;
						TestTargetID = 926D4C4B1DE6248C006AE761;
					};
					926D4C6D1DE6248D006AE761 = {
						CreatedOnToolsVersion = 8.1;
						DevelopmentTeam = VL7RZNELL8;
						ProvisioningStyle = Automatic;
						TestTargetID = 926D4C4B1DE6248C006AE761;
					};
				};
			};
			buildConfigurationList = 926D4C471DE6248C006AE761 /* Build configuration list for PBXProject "AnthonyWhitakerShowcase" */;
			compatibilityVersion = "Xcode 3.2";
			developmentRegion = English;
			hasScannedForEncodings = 0;
			knownRegions = (
				en,
				Base,
			);
			mainGroup = 926D4C431DE6248C006AE761;
			productRefGroup = 926D4C4D1DE6248C006AE761 /* Products */;
			projectDirPath = "";
			projectRoot = "";
			targets = (
				926D4C4B1DE6248C006AE761 /* AnthonyWhitakerShowcase */,
				926D4C621DE6248D006AE761 /* AnthonyWhitakerShowcaseTests */,
				926D4C6D1DE6248D006AE761 /* AnthonyWhitakerShowcaseUITests */,
			);
		};
/* End PBXProject section */

/* Begin PBXResourcesBuildPhase section */
		926D4C4A1DE6248C006AE761 /* Resources */ = {
			isa = PBXResourcesBuildPhase;
			buildActionMask = 2147483647;
			files = (
				926D4C881DE625D1006AE761 /* NotoSans-Bold.ttf in Resources */,
				926D4C9B1DE65734006AE761 /* GoogleService-Info.plist in Resources */,
				926D4C5D1DE6248C006AE761 /* LaunchScreen.storyboard in Resources */,
				926D4C891DE625D1006AE761 /* NotoSans-BoldItalic.ttf in Resources */,
				926D4C8A1DE625D1006AE761 /* NotoSans-Italic.ttf in Resources */,
				926D4C5A1DE6248C006AE761 /* Assets.xcassets in Resources */,
				926D4C551DE6248C006AE761 /* Main.storyboard in Resources */,
				926D4C8B1DE625D1006AE761 /* NotoSans-Regular.ttf in Resources */,
			);
			runOnlyForDeploymentPostprocessing = 0;
		};
		926D4C611DE6248D006AE761 /* Resources */ = {
			isa = PBXResourcesBuildPhase;
			buildActionMask = 2147483647;
			files = (
				926D4C9C1DE65734006AE761 /* GoogleService-Info.plist in Resources */,
			);
			runOnlyForDeploymentPostprocessing = 0;
		};
		926D4C6C1DE6248D006AE761 /* Resources */ = {
			isa = PBXResourcesBuildPhase;
			buildActionMask = 2147483647;
			files = (
				926D4C9D1DE65734006AE761 /* GoogleService-Info.plist in Resources */,
			);
			runOnlyForDeploymentPostprocessing = 0;
		};
/* End PBXResourcesBuildPhase section */

/* Begin PBXShellScriptBuildPhase section */
		03C81027BB00EFFED07F69DF /* [CP] Copy Pods Resources */ = {
			isa = PBXShellScriptBuildPhase;
			buildActionMask = 2147483647;
			files = (
			);
			inputPaths = (
			);
			name = "[CP] Copy Pods Resources";
			outputPaths = (
			);
			runOnlyForDeploymentPostprocessing = 0;
			shellPath = /bin/sh;
			shellScript = "\"${SRCROOT}/Pods/Target Support Files/Pods-AnthonyWhitakerShowcaseTests/Pods-AnthonyWhitakerShowcaseTests-resources.sh\"\n";
			showEnvVarsInLog = 0;
		};
		209E5A17E396D952138FC838 /* [CP] Embed Pods Frameworks */ = {
			isa = PBXShellScriptBuildPhase;
			buildActionMask = 2147483647;
			files = (
			);
			inputPaths = (
			);
			name = "[CP] Embed Pods Frameworks";
			outputPaths = (
			);
			runOnlyForDeploymentPostprocessing = 0;
			shellPath = /bin/sh;
			shellScript = "\"${SRCROOT}/Pods/Target Support Files/Pods-AnthonyWhitakerShowcaseUITests/Pods-AnthonyWhitakerShowcaseUITests-frameworks.sh\"\n";
			showEnvVarsInLog = 0;
		};
		3B694F443C3DCB930D2B5621 /* [CP] Copy Pods Resources */ = {
			isa = PBXShellScriptBuildPhase;
			buildActionMask = 2147483647;
			files = (
			);
			inputPaths = (
			);
			name = "[CP] Copy Pods Resources";
			outputPaths = (
			);
			runOnlyForDeploymentPostprocessing = 0;
			shellPath = /bin/sh;
			shellScript = "\"${SRCROOT}/Pods/Target Support Files/Pods-AnthonyWhitakerShowcase/Pods-AnthonyWhitakerShowcase-resources.sh\"\n";
			showEnvVarsInLog = 0;
		};
		44CAA9D6500EA8B20A3E232D /* [CP] Check Pods Manifest.lock */ = {
			isa = PBXShellScriptBuildPhase;
			buildActionMask = 2147483647;
			files = (
			);
			inputPaths = (
			);
			name = "[CP] Check Pods Manifest.lock";
			outputPaths = (
			);
			runOnlyForDeploymentPostprocessing = 0;
			shellPath = /bin/sh;
			shellScript = "diff \"${PODS_ROOT}/../Podfile.lock\" \"${PODS_ROOT}/Manifest.lock\" > /dev/null\nif [ $? != 0 ] ; then\n    # print error to STDERR\n    echo \"error: The sandbox is not in sync with the Podfile.lock. Run 'pod install' or update your CocoaPods installation.\" >&2\n    exit 1\nfi\n";
			showEnvVarsInLog = 0;
		};
		5A7A65253FADC3DC625AF7A7 /* [CP] Embed Pods Frameworks */ = {
			isa = PBXShellScriptBuildPhase;
			buildActionMask = 2147483647;
			files = (
			);
			inputPaths = (
			);
			name = "[CP] Embed Pods Frameworks";
			outputPaths = (
			);
			runOnlyForDeploymentPostprocessing = 0;
			shellPath = /bin/sh;
			shellScript = "\"${SRCROOT}/Pods/Target Support Files/Pods-AnthonyWhitakerShowcaseTests/Pods-AnthonyWhitakerShowcaseTests-frameworks.sh\"\n";
			showEnvVarsInLog = 0;
		};
		5ADA27857D65545EE10EEAD7 /* [CP] Copy Pods Resources */ = {
			isa = PBXShellScriptBuildPhase;
			buildActionMask = 2147483647;
			files = (
			);
			inputPaths = (
			);
			name = "[CP] Copy Pods Resources";
			outputPaths = (
			);
			runOnlyForDeploymentPostprocessing = 0;
			shellPath = /bin/sh;
			shellScript = "\"${SRCROOT}/Pods/Target Support Files/Pods-AnthonyWhitakerShowcaseUITests/Pods-AnthonyWhitakerShowcaseUITests-resources.sh\"\n";
			showEnvVarsInLog = 0;
		};
		9789A56E2106772215494F98 /* [CP] Check Pods Manifest.lock */ = {
			isa = PBXShellScriptBuildPhase;
			buildActionMask = 2147483647;
			files = (
			);
			inputPaths = (
			);
			name = "[CP] Check Pods Manifest.lock";
			outputPaths = (
			);
			runOnlyForDeploymentPostprocessing = 0;
			shellPath = /bin/sh;
			shellScript = "diff \"${PODS_ROOT}/../Podfile.lock\" \"${PODS_ROOT}/Manifest.lock\" > /dev/null\nif [ $? != 0 ] ; then\n    # print error to STDERR\n    echo \"error: The sandbox is not in sync with the Podfile.lock. Run 'pod install' or update your CocoaPods installation.\" >&2\n    exit 1\nfi\n";
			showEnvVarsInLog = 0;
		};
		D7482B8E281D76F701BF61B7 /* [CP] Embed Pods Frameworks */ = {
			isa = PBXShellScriptBuildPhase;
			buildActionMask = 2147483647;
			files = (
			);
			inputPaths = (
			);
			name = "[CP] Embed Pods Frameworks";
			outputPaths = (
			);
			runOnlyForDeploymentPostprocessing = 0;
			shellPath = /bin/sh;
			shellScript = "\"${SRCROOT}/Pods/Target Support Files/Pods-AnthonyWhitakerShowcase/Pods-AnthonyWhitakerShowcase-frameworks.sh\"\n";
			showEnvVarsInLog = 0;
		};
		F148E437AEE6B1765B0F9ACA /* [CP] Check Pods Manifest.lock */ = {
			isa = PBXShellScriptBuildPhase;
			buildActionMask = 2147483647;
			files = (
			);
			inputPaths = (
			);
			name = "[CP] Check Pods Manifest.lock";
			outputPaths = (
			);
			runOnlyForDeploymentPostprocessing = 0;
			shellPath = /bin/sh;
			shellScript = "diff \"${PODS_ROOT}/../Podfile.lock\" \"${PODS_ROOT}/Manifest.lock\" > /dev/null\nif [ $? != 0 ] ; then\n    # print error to STDERR\n    echo \"error: The sandbox is not in sync with the Podfile.lock. Run 'pod install' or update your CocoaPods installation.\" >&2\n    exit 1\nfi\n";
			showEnvVarsInLog = 0;
		};
/* End PBXShellScriptBuildPhase section */

/* Begin PBXSourcesBuildPhase section */
		926D4C481DE6248C006AE761 /* Sources */ = {
			isa = PBXSourcesBuildPhase;
			buildActionMask = 2147483647;
			files = (
				926D4C951DE63751006AE761 /* Constants.swift in Sources */,
				921E3CA31DED24B2009036AA /* Post.swift in Sources */,
				926D4C581DE6248C006AE761 /* AnthonyWhitakerShowcase.xcdatamodeld in Sources */,
				926D4C971DE642E5006AE761 /* MaterialButton.swift in Sources */,
				926D4C521DE6248C006AE761 /* LogInViewController.swift in Sources */,
				926D4C501DE6248C006AE761 /* AppDelegate.swift in Sources */,
				926D4C921DE636B7006AE761 /* MaterialView.swift in Sources */,
				92D856B61DE77E01009F35B1 /* FeedViewController.swift in Sources */,
				929EE1C61DEE2DC300EDF2C3 /* User.swift in Sources */,
				926D4C991DE648A3006AE761 /* MaterialTextField.swift in Sources */,
				92D856B81DE780BB009F35B1 /* PostTableViewCell.swift in Sources */,
				92D1B3E11DEC742E00116DB4 /* DataService.swift in Sources */,
				929EE1CA1DEE3F0000EDF2C3 /* FavoriteButton.swift in Sources */,
			);
			runOnlyForDeploymentPostprocessing = 0;
		};
		926D4C5F1DE6248D006AE761 /* Sources */ = {
			isa = PBXSourcesBuildPhase;
			buildActionMask = 2147483647;
			files = (
				926D4C681DE6248D006AE761 /* AnthonyWhitakerShowcaseTests.swift in Sources */,
			);
			runOnlyForDeploymentPostprocessing = 0;
		};
		926D4C6A1DE6248D006AE761 /* Sources */ = {
			isa = PBXSourcesBuildPhase;
			buildActionMask = 2147483647;
			files = (
				926D4C731DE6248D006AE761 /* AnthonyWhitakerShowcaseUITests.swift in Sources */,
			);
			runOnlyForDeploymentPostprocessing = 0;
		};
/* End PBXSourcesBuildPhase section */

/* Begin PBXTargetDependency section */
		926D4C651DE6248D006AE761 /* PBXTargetDependency */ = {
			isa = PBXTargetDependency;
			target = 926D4C4B1DE6248C006AE761 /* AnthonyWhitakerShowcase */;
			targetProxy = 926D4C641DE6248D006AE761 /* PBXContainerItemProxy */;
		};
		926D4C701DE6248D006AE761 /* PBXTargetDependency */ = {
			isa = PBXTargetDependency;
			target = 926D4C4B1DE6248C006AE761 /* AnthonyWhitakerShowcase */;
			targetProxy = 926D4C6F1DE6248D006AE761 /* PBXContainerItemProxy */;
		};
/* End PBXTargetDependency section */

/* Begin PBXVariantGroup section */
		926D4C531DE6248C006AE761 /* Main.storyboard */ = {
			isa = PBXVariantGroup;
			children = (
				926D4C541DE6248C006AE761 /* Base */,
			);
			name = Main.storyboard;
			sourceTree = "<group>";
		};
		926D4C5B1DE6248C006AE761 /* LaunchScreen.storyboard */ = {
			isa = PBXVariantGroup;
			children = (
				926D4C5C1DE6248C006AE761 /* Base */,
			);
			name = LaunchScreen.storyboard;
			sourceTree = "<group>";
		};
/* End PBXVariantGroup section */

/* Begin XCBuildConfiguration section */
		926D4C751DE6248D006AE761 /* Debug */ = {
			isa = XCBuildConfiguration;
			buildSettings = {
				ALWAYS_SEARCH_USER_PATHS = NO;
				CLANG_ANALYZER_NONNULL = YES;
				CLANG_CXX_LANGUAGE_STANDARD = "gnu++0x";
				CLANG_CXX_LIBRARY = "libc++";
				CLANG_ENABLE_MODULES = YES;
				CLANG_ENABLE_OBJC_ARC = YES;
				CLANG_WARN_BOOL_CONVERSION = YES;
				CLANG_WARN_CONSTANT_CONVERSION = YES;
				CLANG_WARN_DIRECT_OBJC_ISA_USAGE = YES_ERROR;
				CLANG_WARN_DOCUMENTATION_COMMENTS = YES;
				CLANG_WARN_EMPTY_BODY = YES;
				CLANG_WARN_ENUM_CONVERSION = YES;
				CLANG_WARN_INFINITE_RECURSION = YES;
				CLANG_WARN_INT_CONVERSION = YES;
				CLANG_WARN_OBJC_ROOT_CLASS = YES_ERROR;
				CLANG_WARN_SUSPICIOUS_MOVE = YES;
				CLANG_WARN_SUSPICIOUS_MOVES = YES;
				CLANG_WARN_UNREACHABLE_CODE = YES;
				CLANG_WARN__DUPLICATE_METHOD_MATCH = YES;
				"CODE_SIGN_IDENTITY[sdk=iphoneos*]" = "iPhone Developer";
				COPY_PHASE_STRIP = NO;
				DEBUG_INFORMATION_FORMAT = dwarf;
				ENABLE_STRICT_OBJC_MSGSEND = YES;
				ENABLE_TESTABILITY = YES;
				GCC_C_LANGUAGE_STANDARD = gnu99;
				GCC_DYNAMIC_NO_PIC = NO;
				GCC_NO_COMMON_BLOCKS = YES;
				GCC_OPTIMIZATION_LEVEL = 0;
				GCC_PREPROCESSOR_DEFINITIONS = (
					"DEBUG=1",
					"$(inherited)",
				);
				GCC_WARN_64_TO_32_BIT_CONVERSION = YES;
				GCC_WARN_ABOUT_RETURN_TYPE = YES_ERROR;
				GCC_WARN_UNDECLARED_SELECTOR = YES;
				GCC_WARN_UNINITIALIZED_AUTOS = YES_AGGRESSIVE;
				GCC_WARN_UNUSED_FUNCTION = YES;
				GCC_WARN_UNUSED_VARIABLE = YES;
				IPHONEOS_DEPLOYMENT_TARGET = 10.1;
				MTL_ENABLE_DEBUG_INFO = YES;
				ONLY_ACTIVE_ARCH = YES;
				SDKROOT = iphoneos;
				SWIFT_ACTIVE_COMPILATION_CONDITIONS = DEBUG;
				SWIFT_OPTIMIZATION_LEVEL = "-Onone";
			};
			name = Debug;
		};
		926D4C761DE6248D006AE761 /* Release */ = {
			isa = XCBuildConfiguration;
			buildSettings = {
				ALWAYS_SEARCH_USER_PATHS = NO;
				CLANG_ANALYZER_NONNULL = YES;
				CLANG_CXX_LANGUAGE_STANDARD = "gnu++0x";
				CLANG_CXX_LIBRARY = "libc++";
				CLANG_ENABLE_MODULES = YES;
				CLANG_ENABLE_OBJC_ARC = YES;
				CLANG_WARN_BOOL_CONVERSION = YES;
				CLANG_WARN_CONSTANT_CONVERSION = YES;
				CLANG_WARN_DIRECT_OBJC_ISA_USAGE = YES_ERROR;
				CLANG_WARN_DOCUMENTATION_COMMENTS = YES;
				CLANG_WARN_EMPTY_BODY = YES;
				CLANG_WARN_ENUM_CONVERSION = YES;
				CLANG_WARN_INFINITE_RECURSION = YES;
				CLANG_WARN_INT_CONVERSION = YES;
				CLANG_WARN_OBJC_ROOT_CLASS = YES_ERROR;
				CLANG_WARN_SUSPICIOUS_MOVE = YES;
				CLANG_WARN_SUSPICIOUS_MOVES = YES;
				CLANG_WARN_UNREACHABLE_CODE = YES;
				CLANG_WARN__DUPLICATE_METHOD_MATCH = YES;
				"CODE_SIGN_IDENTITY[sdk=iphoneos*]" = "iPhone Developer";
				COPY_PHASE_STRIP = NO;
				DEBUG_INFORMATION_FORMAT = "dwarf-with-dsym";
				ENABLE_NS_ASSERTIONS = NO;
				ENABLE_STRICT_OBJC_MSGSEND = YES;
				GCC_C_LANGUAGE_STANDARD = gnu99;
				GCC_NO_COMMON_BLOCKS = YES;
				GCC_WARN_64_TO_32_BIT_CONVERSION = YES;
				GCC_WARN_ABOUT_RETURN_TYPE = YES_ERROR;
				GCC_WARN_UNDECLARED_SELECTOR = YES;
				GCC_WARN_UNINITIALIZED_AUTOS = YES_AGGRESSIVE;
				GCC_WARN_UNUSED_FUNCTION = YES;
				GCC_WARN_UNUSED_VARIABLE = YES;
				IPHONEOS_DEPLOYMENT_TARGET = 10.1;
				MTL_ENABLE_DEBUG_INFO = NO;
				SDKROOT = iphoneos;
				SWIFT_OPTIMIZATION_LEVEL = "-Owholemodule";
				VALIDATE_PRODUCT = YES;
			};
			name = Release;
		};
		926D4C781DE6248D006AE761 /* Debug */ = {
			isa = XCBuildConfiguration;
			baseConfigurationReference = 971A0707FE1FB65CFBF3B525 /* Pods-AnthonyWhitakerShowcase.debug.xcconfig */;
			buildSettings = {
				ALWAYS_EMBED_SWIFT_STANDARD_LIBRARIES = YES;
				ASSETCATALOG_COMPILER_APPICON_NAME = AppIcon;
				CLANG_ENABLE_MODULES = YES;
				DEVELOPMENT_TEAM = VL7RZNELL8;
				INFOPLIST_FILE = AnthonyWhitakerShowcase/Info.plist;
				LD_RUNPATH_SEARCH_PATHS = "$(inherited) @executable_path/Frameworks";
				PRODUCT_BUNDLE_IDENTIFIER = Whitaker.Anthony.AnthonyWhitakerShowcase;
				PRODUCT_NAME = "$(TARGET_NAME)";
				SWIFT_OBJC_BRIDGING_HEADER = "AnthonyWhitakerShowcase/AnthonyWhitakerShowcase-Bridging-Header.h";
				SWIFT_OPTIMIZATION_LEVEL = "-Onone";
				SWIFT_VERSION = 3.0;
			};
			name = Debug;
		};
		926D4C791DE6248D006AE761 /* Release */ = {
			isa = XCBuildConfiguration;
			baseConfigurationReference = B9300DFEFCA73AB0A193AE61 /* Pods-AnthonyWhitakerShowcase.release.xcconfig */;
			buildSettings = {
				ALWAYS_EMBED_SWIFT_STANDARD_LIBRARIES = YES;
				ASSETCATALOG_COMPILER_APPICON_NAME = AppIcon;
				CLANG_ENABLE_MODULES = YES;
				DEVELOPMENT_TEAM = VL7RZNELL8;
				INFOPLIST_FILE = AnthonyWhitakerShowcase/Info.plist;
				LD_RUNPATH_SEARCH_PATHS = "$(inherited) @executable_path/Frameworks";
				PRODUCT_BUNDLE_IDENTIFIER = Whitaker.Anthony.AnthonyWhitakerShowcase;
				PRODUCT_NAME = "$(TARGET_NAME)";
				SWIFT_OBJC_BRIDGING_HEADER = "AnthonyWhitakerShowcase/AnthonyWhitakerShowcase-Bridging-Header.h";
				SWIFT_VERSION = 3.0;
			};
			name = Release;
		};
		926D4C7B1DE6248D006AE761 /* Debug */ = {
			isa = XCBuildConfiguration;
			baseConfigurationReference = F0C2D5E22B506371E932DD91 /* Pods-AnthonyWhitakerShowcaseTests.debug.xcconfig */;
			buildSettings = {
				ALWAYS_EMBED_SWIFT_STANDARD_LIBRARIES = YES;
				BUNDLE_LOADER = "$(TEST_HOST)";
				DEVELOPMENT_TEAM = VL7RZNELL8;
				INFOPLIST_FILE = AnthonyWhitakerShowcaseTests/Info.plist;
				LD_RUNPATH_SEARCH_PATHS = "$(inherited) @executable_path/Frameworks @loader_path/Frameworks";
				PRODUCT_BUNDLE_IDENTIFIER = Whitaker.Anthony.AnthonyWhitakerShowcaseTests;
				PRODUCT_NAME = "$(TARGET_NAME)";
				SWIFT_VERSION = 3.0;
				TEST_HOST = "$(BUILT_PRODUCTS_DIR)/AnthonyWhitakerShowcase.app/AnthonyWhitakerShowcase";
			};
			name = Debug;
		};
		926D4C7C1DE6248D006AE761 /* Release */ = {
			isa = XCBuildConfiguration;
			baseConfigurationReference = 352970A11B3D69D907BADC17 /* Pods-AnthonyWhitakerShowcaseTests.release.xcconfig */;
			buildSettings = {
				ALWAYS_EMBED_SWIFT_STANDARD_LIBRARIES = YES;
				BUNDLE_LOADER = "$(TEST_HOST)";
				DEVELOPMENT_TEAM = VL7RZNELL8;
				INFOPLIST_FILE = AnthonyWhitakerShowcaseTests/Info.plist;
				LD_RUNPATH_SEARCH_PATHS = "$(inherited) @executable_path/Frameworks @loader_path/Frameworks";
				PRODUCT_BUNDLE_IDENTIFIER = Whitaker.Anthony.AnthonyWhitakerShowcaseTests;
				PRODUCT_NAME = "$(TARGET_NAME)";
				SWIFT_VERSION = 3.0;
				TEST_HOST = "$(BUILT_PRODUCTS_DIR)/AnthonyWhitakerShowcase.app/AnthonyWhitakerShowcase";
			};
			name = Release;
		};
		926D4C7E1DE6248D006AE761 /* Debug */ = {
			isa = XCBuildConfiguration;
			baseConfigurationReference = 1AD850B846B13B42083FDD13 /* Pods-AnthonyWhitakerShowcaseUITests.debug.xcconfig */;
			buildSettings = {
				ALWAYS_EMBED_SWIFT_STANDARD_LIBRARIES = YES;
				DEVELOPMENT_TEAM = VL7RZNELL8;
				INFOPLIST_FILE = AnthonyWhitakerShowcaseUITests/Info.plist;
				LD_RUNPATH_SEARCH_PATHS = "$(inherited) @executable_path/Frameworks @loader_path/Frameworks";
				PRODUCT_BUNDLE_IDENTIFIER = Whitaker.Anthony.AnthonyWhitakerShowcaseUITests;
				PRODUCT_NAME = "$(TARGET_NAME)";
				SWIFT_VERSION = 3.0;
				TEST_TARGET_NAME = AnthonyWhitakerShowcase;
			};
			name = Debug;
		};
		926D4C7F1DE6248D006AE761 /* Release */ = {
			isa = XCBuildConfiguration;
			baseConfigurationReference = 795D34A9CDE3814BAA0FD4F1 /* Pods-AnthonyWhitakerShowcaseUITests.release.xcconfig */;
			buildSettings = {
				ALWAYS_EMBED_SWIFT_STANDARD_LIBRARIES = YES;
				DEVELOPMENT_TEAM = VL7RZNELL8;
				INFOPLIST_FILE = AnthonyWhitakerShowcaseUITests/Info.plist;
				LD_RUNPATH_SEARCH_PATHS = "$(inherited) @executable_path/Frameworks @loader_path/Frameworks";
				PRODUCT_BUNDLE_IDENTIFIER = Whitaker.Anthony.AnthonyWhitakerShowcaseUITests;
				PRODUCT_NAME = "$(TARGET_NAME)";
				SWIFT_VERSION = 3.0;
				TEST_TARGET_NAME = AnthonyWhitakerShowcase;
			};
			name = Release;
		};
/* End XCBuildConfiguration section */

/* Begin XCConfigurationList section */
		926D4C471DE6248C006AE761 /* Build configuration list for PBXProject "AnthonyWhitakerShowcase" */ = {
			isa = XCConfigurationList;
			buildConfigurations = (
				926D4C751DE6248D006AE761 /* Debug */,
				926D4C761DE6248D006AE761 /* Release */,
			);
			defaultConfigurationIsVisible = 0;
			defaultConfigurationName = Release;
		};
		926D4C771DE6248D006AE761 /* Build configuration list for PBXNativeTarget "AnthonyWhitakerShowcase" */ = {
			isa = XCConfigurationList;
			buildConfigurations = (
				926D4C781DE6248D006AE761 /* Debug */,
				926D4C791DE6248D006AE761 /* Release */,
			);
			defaultConfigurationIsVisible = 0;
			defaultConfigurationName = Release;
		};
		926D4C7A1DE6248D006AE761 /* Build configuration list for PBXNativeTarget "AnthonyWhitakerShowcaseTests" */ = {
			isa = XCConfigurationList;
			buildConfigurations = (
				926D4C7B1DE6248D006AE761 /* Debug */,
				926D4C7C1DE6248D006AE761 /* Release */,
			);
			defaultConfigurationIsVisible = 0;
			defaultConfigurationName = Release;
		};
		926D4C7D1DE6248D006AE761 /* Build configuration list for PBXNativeTarget "AnthonyWhitakerShowcaseUITests" */ = {
			isa = XCConfigurationList;
			buildConfigurations = (
				926D4C7E1DE6248D006AE761 /* Debug */,
				926D4C7F1DE6248D006AE761 /* Release */,
			);
			defaultConfigurationIsVisible = 0;
			defaultConfigurationName = Release;
		};
/* End XCConfigurationList section */

/* Begin XCVersionGroup section */
		926D4C561DE6248C006AE761 /* AnthonyWhitakerShowcase.xcdatamodeld */ = {
			isa = XCVersionGroup;
			children = (
				926D4C571DE6248C006AE761 /* AnthonyWhitakerShowcase.xcdatamodel */,
			);
			currentVersion = 926D4C571DE6248C006AE761 /* AnthonyWhitakerShowcase.xcdatamodel */;
			path = AnthonyWhitakerShowcase.xcdatamodeld;
			sourceTree = "<group>";
			versionGroupType = wrapper.xcdatamodel;
		};
/* End XCVersionGroup section */
	};
	rootObject = 926D4C441DE6248C006AE761 /* Project object */;
}
